
Microsoft Visual Studio Solution File, Format Version 12.00
# Visual Studio Version 17
VisualStudioVersion = 17.5.002.0
MinimumVisualStudioVersion = 10.0.40219.1
Project("{9A19103F-16F7-4668-BE54-9A1E7A4F7556}") = "ryanAps", "ryanAps.csproj", "{EB17FBA5-E039-4F67-AFE1-DBA42118772D}"
EndProject
Global
	GlobalSection(SolutionConfigurationPlatforms) = preSolution
		Debug|Any CPU = Debug|Any CPU
		Release|Any CPU = Release|Any CPU
	EndGlobalSection
	GlobalSection(ProjectConfigurationPlatforms) = postSolution
		{EB17FBA5-E039-4F67-AFE1-DBA42118772D}.Debug|Any CPU.ActiveCfg = Debug|Any CPU
		{EB17FBA5-E039-4F67-AFE1-DBA42118772D}.Debug|Any CPU.Build.0 = Debug|Any CPU
		{EB17FBA5-E039-4F67-AFE1-DBA42118772D}.Release|Any CPU.ActiveCfg = Release|Any CPU
		{EB17FBA5-E039-4F67-AFE1-DBA42118772D}.Release|Any CPU.Build.0 = Release|Any CPU
	EndGlobalSection
	GlobalSection(SolutionProperties) = preSolution
		HideSolutionNode = FALSE
	EndGlobalSection
	GlobalSection(ExtensibilityGlobals) = postSolution
		SolutionGuid = {F985E955-B1E8-46BE-8748-F2F22FE6DBDE}
	EndGlobalSection
EndGlobal
